# THIS IS AN AUTOGENERATED FILE. DO NOT EDIT THIS FILE DIRECTLY.
# yarn lockfile v1


prettier@^3.0.0:
  version "3.0.0"
  resolved "https://registry.yarnpkg.com/prettier/-/prettier-3.0.0.tgz#e7b19f691245a21d618c68bc54dc06122f6105ae"
  integrity sha512-zBf5eHpwHOGPC47h0zrPyNn+eAEIdEzfywMoYn2XPi0P44Zp0tSq64rq0xAREh4auw2cJZHo9QUob+NqCQky4g==

typescript@5.2.0-dev.20230713:
  version "5.2.0-dev.20230713"
  resolved "https://registry.yarnpkg.com/typescript/-/typescript-5.2.0-dev.20230713.tgz#44318e5521b8b60d9d835f52bdb80ad76745c4bb"
  integrity sha512-A/crla7nXo4d7TVRlV4CUzxW218b2WupUrIMnnGBV1o0SQnckrszm0CUMRAYeKAB9lFIo/B1Gx1cBdvNQYiD4A==
